# This file is automatically @generated by Cargo.
# It is not intended for manual editing.
version = 4

[[package]]
name = "fastrand"
version = "2.3.0"
source = "registry+https://github.com/rust-lang/crates.io-index"
checksum = "37909eebbb50d72f9059c3b6d82c0463f2ff062c9e95845c43a6c9c0355411be"

[[package]]
name = "phf"
version = "0.12.1"
source = "registry+https://github.com/rust-lang/crates.io-index"
checksum = "913273894cec178f401a31ec4b656318d95473527be05c0752cc41cdc32be8b7"
dependencies = [
 "phf_shared",
]

[[package]]
name = "phf_codegen"
version = "0.12.1"
source = "registry+https://github.com/rust-lang/crates.io-index"
checksum = "efbdcb6f01d193b17f0b9c3360fa7e0e620991b193ff08702f78b3ce365d7e61"
dependencies = [
 "phf_generator",
 "phf_shared",
]

[[package]]
name = "phf_generator"
version = "0.12.1"
source = "registry+https://github.com/rust-lang/crates.io-index"
checksum = "2cbb1126afed61dd6368748dae63b1ee7dc480191c6262a3b4ff1e29d86a6c5b"
dependencies = [
 "fastrand",
 "phf_shared",
]

[[package]]
name = "phf_shared"
version = "0.12.1"
source = "registry+https://github.com/rust-lang/crates.io-index"
checksum = "06005508882fb681fd97892ecff4b7fd0fee13ef1aa569f8695dae7ab9099981"
dependencies = [
 "siphasher",
]

[[package]]
name = "siphasher"
version = "1.0.1"
source = "registry+https://github.com/rust-lang/crates.io-index"
checksum = "56199f7ddabf13fe5074ce809e7d3f42b42ae711800501b5b16ea82ad029c39d"

[[package]]
name = "vtimezones-rs"
version = "0.1.2"
dependencies = [
 "phf",
 "phf_codegen",
]
